{
  "version": 4,
  "terraform_version": "1.9.5",
  "serial": 10,
  "lineage": "b39d916c-a4fa-d013-7f99-bc748335f9e8",
  "outputs": {
    "app_url": {
      "value": "aca-app-demo--44j02ho.delightfuldune-a6dbbecb.westeurope.azurecontainerapps.io",
      "type": "string"
    }
  },
  "resources": [
    {
      "mode": "data",
      "type": "azurerm_client_config",
      "name": "current",
      "provider": "provider[\"registry.terraform.io/hashicorp/azurerm\"]",
      "instances": [
        {
          "schema_version": 0,
          "attributes": {
            "client_id": "04b07795-8ddb-461a-bbee-02f9e1bf7b46",
            "id": "Y2xpZW50Q29uZmlncy9jbGllbnRJZD0wNGIwNzc5NS04ZGRiLTQ2MWEtYmJlZS0wMmY5ZTFiZjdiNDY7b2JqZWN0SWQ9ZjNmZDlmNWYtZjlkMS00YTRlLTgxMmYtODUwNzJhYTg5N2U1O3N1YnNjcmlwdGlvbklkPWY3N2QxZTZhLTc2ZjEtNGQwZS05YTdiLTZlMDFiM2ZhNzk3ZDt0ZW5hbnRJZD1hN2M3ODNkMS1hZmZmLTQ4YzItYTdlOS0yOGUxNGVkMDA0NmM=",
            "object_id": "f3fd9f5f-f9d1-4a4e-812f-85072aa897e5",
            "subscription_id": "f77d1e6a-76f1-4d0e-9a7b-6e01b3fa797d",
            "tenant_id": "a7c783d1-afff-48c2-a7e9-28e14ed0046c",
            "timeouts": null
          },
          "sensitive_attributes": []
        }
      ]
    },
    {
      "mode": "managed",
      "type": "azurerm_container_app",
      "name": "aca_app",
      "provider": "provider[\"registry.terraform.io/hashicorp/azurerm\"]",
      "instances": [
        {
          "schema_version": 0,
          "attributes": {
            "container_app_environment_id": "/subscriptions/f77d1e6a-76f1-4d0e-9a7b-6e01b3fa797d/resourceGroups/rg-containerapp-secrets/providers/Microsoft.App/managedEnvironments/aca-environment",
            "custom_domain_verification_id": "954193328BAC54F0E0050E9A454911E96B4C90C7034D01394DD71A143487AB97",
            "dapr": [],
            "id": "/subscriptions/f77d1e6a-76f1-4d0e-9a7b-6e01b3fa797d/resourceGroups/rg-containerapp-secrets/providers/Microsoft.App/containerApps/aca-app-demo",
            "identity": [
              {
                "identity_ids": [
                  "/subscriptions/f77d1e6a-76f1-4d0e-9a7b-6e01b3fa797d/resourceGroups/rg-containerapp-secrets/providers/Microsoft.ManagedIdentity/userAssignedIdentities/identity-aca"
                ],
                "principal_id": "",
                "tenant_id": "",
                "type": "UserAssigned"
              }
            ],
            "ingress": [
              {
                "allow_insecure_connections": false,
                "custom_domain": [],
                "exposed_port": 0,
                "external_enabled": true,
                "fqdn": "aca-app-demo.delightfuldune-a6dbbecb.westeurope.azurecontainerapps.io",
                "ip_security_restriction": [],
                "target_port": 80,
                "traffic_weight": [
                  {
                    "label": "",
                    "latest_revision": true,
                    "percentage": 100,
                    "revision_suffix": ""
                  }
                ],
                "transport": "auto"
              }
            ],
            "latest_revision_fqdn": "aca-app-demo--44j02ho.delightfuldune-a6dbbecb.westeurope.azurecontainerapps.io",
            "latest_revision_name": "aca-app-demo--44j02ho",
            "location": "westeurope",
            "name": "aca-app-demo",
            "outbound_ip_addresses": [
              "4.231.72.153"
            ],
            "registry": [],
            "resource_group_name": "rg-containerapp-secrets",
            "revision_mode": "Single",
            "secret": [
              {
                "identity": "",
                "key_vault_secret_id": "",
                "name": "my-secret-01",
                "value": "My Secret Connection String value"
              }
            ],
            "tags": null,
            "template": [
              {
                "azure_queue_scale_rule": [],
                "container": [
                  {
                    "args": null,
                    "command": null,
                    "cpu": 0.25,
                    "env": [
                      {
                        "name": "MY_ENV_VAR",
                        "secret_name": "",
                        "value": "Hello Container Apps!"
                      },
                      {
                        "name": "MY_SECRET_01",
                        "secret_name": "my-secret-01",
                        "value": ""
                      }
                    ],
                    "ephemeral_storage": "1Gi",
                    "image": "ghcr.io/jelledruyts/inspectorgadget:latest",
                    "liveness_probe": [],
                    "memory": "0.5Gi",
                    "name": "aca-app",
                    "readiness_probe": [],
                    "startup_probe": [],
                    "volume_mounts": []
                  }
                ],
                "custom_scale_rule": [],
                "http_scale_rule": [],
                "init_container": [],
                "max_replicas": 10,
                "min_replicas": 0,
                "revision_suffix": "",
                "tcp_scale_rule": [],
                "volume": []
              }
            ],
            "timeouts": null,
            "workload_profile_name": ""
          },
          "sensitive_attributes": [
            [
              {
                "type": "get_attr",
                "value": "secret"
              }
            ],
            [
              {
                "type": "get_attr",
                "value": "custom_domain_verification_id"
              }
            ]
          ],
          "private": "eyJlMmJmYjczMC1lY2FhLTExZTYtOGY4OC0zNDM2M2JjN2M0YzAiOnsiY3JlYXRlIjoxODAwMDAwMDAwMDAwLCJkZWxldGUiOjE4MDAwMDAwMDAwMDAsInJlYWQiOjMwMDAwMDAwMDAwMCwidXBkYXRlIjoxODAwMDAwMDAwMDAwfX0=",
          "dependencies": [
            "azurerm_container_app_environment.aca_environment",
            "azurerm_resource_group.rg",
            "azurerm_user_assigned_identity.identity_aca"
          ]
        }
      ]
    },
    {
      "mode": "managed",
      "type": "azurerm_container_app_environment",
      "name": "aca_environment",
      "provider": "provider[\"registry.terraform.io/hashicorp/azurerm\"]",
      "instances": [
        {
          "schema_version": 0,
          "attributes": {
            "custom_domain_verification_id": "954193328BAC54F0E0050E9A454911E96B4C90C7034D01394DD71A143487AB97",
            "dapr_application_insights_connection_string": "",
            "default_domain": "delightfuldune-a6dbbecb.westeurope.azurecontainerapps.io",
            "docker_bridge_cidr": "",
            "id": "/subscriptions/f77d1e6a-76f1-4d0e-9a7b-6e01b3fa797d/resourceGroups/rg-containerapp-secrets/providers/Microsoft.App/managedEnvironments/aca-environment",
            "infrastructure_resource_group_name": "",
            "infrastructure_subnet_id": "",
            "internal_load_balancer_enabled": false,
            "location": "westeurope",
            "log_analytics_workspace_id": "",
            "mutual_tls_enabled": false,
            "name": "aca-environment",
            "platform_reserved_cidr": "",
            "platform_reserved_dns_ip_address": "",
            "resource_group_name": "rg-containerapp-secrets",
            "static_ip_address": "20.13.70.170",
            "tags": null,
            "timeouts": null,
            "workload_profile": [],
            "zone_redundancy_enabled": false
          },
          "sensitive_attributes": [
            [
              {
                "type": "get_attr",
                "value": "dapr_application_insights_connection_string"
              }
            ]
          ],
          "private": "eyJlMmJmYjczMC1lY2FhLTExZTYtOGY4OC0zNDM2M2JjN2M0YzAiOnsiY3JlYXRlIjoxODAwMDAwMDAwMDAwLCJkZWxldGUiOjE4MDAwMDAwMDAwMDAsInJlYWQiOjMwMDAwMDAwMDAwMCwidXBkYXRlIjoxODAwMDAwMDAwMDAwfX0=",
          "dependencies": [
            "azurerm_resource_group.rg"
          ]
        }
      ]
    },
    {
      "mode": "managed",
      "type": "azurerm_key_vault",
      "name": "keyvault",
      "provider": "provider[\"registry.terraform.io/hashicorp/azurerm\"]",
      "instances": [
        {
          "schema_version": 2,
          "attributes": {
            "access_policy": [],
            "contact": [],
            "enable_rbac_authorization": true,
            "enabled_for_deployment": false,
            "enabled_for_disk_encryption": false,
            "enabled_for_template_deployment": false,
            "id": "/subscriptions/f77d1e6a-76f1-4d0e-9a7b-6e01b3fa797d/resourceGroups/rg-containerapp-secrets/providers/Microsoft.KeyVault/vaults/kvacahbh08251966",
            "location": "westeurope",
            "name": "kvacahbh08251966",
            "network_acls": [
              {
                "bypass": "AzureServices",
                "default_action": "Allow",
                "ip_rules": [],
                "virtual_network_subnet_ids": []
              }
            ],
            "public_network_access_enabled": true,
            "purge_protection_enabled": false,
            "resource_group_name": "rg-containerapp-secrets",
            "sku_name": "standard",
            "soft_delete_retention_days": 7,
            "tags": null,
            "tenant_id": "a7c783d1-afff-48c2-a7e9-28e14ed0046c",
            "timeouts": null,
            "vault_uri": "https://kvacahbh08251966.vault.azure.net/"
          },
          "sensitive_attributes": [],
          "private": "eyJlMmJmYjczMC1lY2FhLTExZTYtOGY4OC0zNDM2M2JjN2M0YzAiOnsiY3JlYXRlIjoxODAwMDAwMDAwMDAwLCJkZWxldGUiOjE4MDAwMDAwMDAwMDAsInJlYWQiOjMwMDAwMDAwMDAwMCwidXBkYXRlIjoxODAwMDAwMDAwMDAwfSwic2NoZW1hX3ZlcnNpb24iOiIyIn0=",
          "dependencies": [
            "azurerm_resource_group.rg",
            "data.azurerm_client_config.current"
          ]
        }
      ]
    },
    {
      "mode": "managed",
      "type": "azurerm_key_vault_secret",
      "name": "secret_02",
      "provider": "provider[\"registry.terraform.io/hashicorp/azurerm\"]",
      "instances": [
        {
          "schema_version": 0,
          "attributes": {
            "content_type": "",
            "expiration_date": null,
            "id": "https://kvacahbh08251966.vault.azure.net/secrets/my-secret-02/d1da6985927e467eb9973c84c427969b",
            "key_vault_id": "/subscriptions/f77d1e6a-76f1-4d0e-9a7b-6e01b3fa797d/resourceGroups/rg-containerapp-secrets/providers/Microsoft.KeyVault/vaults/kvacahbh08251966",
            "name": "my-secret-02",
            "not_before_date": null,
            "resource_id": "/subscriptions/f77d1e6a-76f1-4d0e-9a7b-6e01b3fa797d/resourceGroups/rg-containerapp-secrets/providers/Microsoft.KeyVault/vaults/kvacahbh08251966/secrets/my-secret-02/versions/d1da6985927e467eb9973c84c427969b",
            "resource_versionless_id": "/subscriptions/f77d1e6a-76f1-4d0e-9a7b-6e01b3fa797d/resourceGroups/rg-containerapp-secrets/providers/Microsoft.KeyVault/vaults/kvacahbh08251966/secrets/my-secret-02",
            "tags": null,
            "timeouts": null,
            "value": "P@ssw0rd123!",
            "version": "d1da6985927e467eb9973c84c427969b",
            "versionless_id": "https://kvacahbh08251966.vault.azure.net/secrets/my-secret-02"
          },
          "sensitive_attributes": [
            [
              {
                "type": "get_attr",
                "value": "value"
              }
            ]
          ],
          "private": "eyJlMmJmYjczMC1lY2FhLTExZTYtOGY4OC0zNDM2M2JjN2M0YzAiOnsiY3JlYXRlIjoxODAwMDAwMDAwMDAwLCJkZWxldGUiOjE4MDAwMDAwMDAwMDAsInJlYWQiOjE4MDAwMDAwMDAwMDAsInVwZGF0ZSI6MTgwMDAwMDAwMDAwMH19",
          "dependencies": [
            "azurerm_key_vault.keyvault",
            "azurerm_resource_group.rg",
            "azurerm_role_assignment.role_keyvault_me",
            "data.azurerm_client_config.current"
          ]
        }
      ]
    },
    {
      "mode": "managed",
      "type": "azurerm_resource_group",
      "name": "rg",
      "provider": "provider[\"registry.terraform.io/hashicorp/azurerm\"]",
      "instances": [
        {
          "schema_version": 0,
          "attributes": {
            "id": "/subscriptions/f77d1e6a-76f1-4d0e-9a7b-6e01b3fa797d/resourceGroups/rg-containerapp-secrets",
            "location": "westeurope",
            "managed_by": "",
            "name": "rg-containerapp-secrets",
            "tags": null,
            "timeouts": null
          },
          "sensitive_attributes": [],
          "private": "eyJlMmJmYjczMC1lY2FhLTExZTYtOGY4OC0zNDM2M2JjN2M0YzAiOnsiY3JlYXRlIjo1NDAwMDAwMDAwMDAwLCJkZWxldGUiOjU0MDAwMDAwMDAwMDAsInJlYWQiOjMwMDAwMDAwMDAwMCwidXBkYXRlIjo1NDAwMDAwMDAwMDAwfX0="
        }
      ]
    },
    {
      "mode": "managed",
      "type": "azurerm_role_assignment",
      "name": "role_keyvault_identity",
      "provider": "provider[\"registry.terraform.io/hashicorp/azurerm\"]",
      "instances": [
        {
          "schema_version": 0,
          "attributes": {
            "condition": "",
            "condition_version": "",
            "delegated_managed_identity_resource_id": "",
            "description": "",
            "id": "/subscriptions/f77d1e6a-76f1-4d0e-9a7b-6e01b3fa797d/resourceGroups/rg-containerapp-secrets/providers/Microsoft.KeyVault/vaults/kvacahbh08251966/providers/Microsoft.Authorization/roleAssignments/7e29bb30-5333-c9c1-3395-fb82920052c0",
            "name": "7e29bb30-5333-c9c1-3395-fb82920052c0",
            "principal_id": "b6cd56dd-956e-4c68-b2d0-46d537fc2370",
            "principal_type": "ServicePrincipal",
            "role_definition_id": "/subscriptions/f77d1e6a-76f1-4d0e-9a7b-6e01b3fa797d/providers/Microsoft.Authorization/roleDefinitions/4633458b-17de-408a-b874-0445c86b69e6",
            "role_definition_name": "Key Vault Secrets User",
            "scope": "/subscriptions/f77d1e6a-76f1-4d0e-9a7b-6e01b3fa797d/resourceGroups/rg-containerapp-secrets/providers/Microsoft.KeyVault/vaults/kvacahbh08251966",
            "skip_service_principal_aad_check": null,
            "timeouts": null
          },
          "sensitive_attributes": [],
          "private": "eyJlMmJmYjczMC1lY2FhLTExZTYtOGY4OC0zNDM2M2JjN2M0YzAiOnsiY3JlYXRlIjoxODAwMDAwMDAwMDAwLCJkZWxldGUiOjE4MDAwMDAwMDAwMDAsInJlYWQiOjMwMDAwMDAwMDAwMH19",
          "dependencies": [
            "azurerm_key_vault.keyvault",
            "azurerm_resource_group.rg",
            "azurerm_user_assigned_identity.identity_aca",
            "data.azurerm_client_config.current"
          ]
        }
      ]
    },
    {
      "mode": "managed",
      "type": "azurerm_role_assignment",
      "name": "role_keyvault_me",
      "provider": "provider[\"registry.terraform.io/hashicorp/azurerm\"]",
      "instances": [
        {
          "schema_version": 0,
          "attributes": {
            "condition": "",
            "condition_version": "",
            "delegated_managed_identity_resource_id": "",
            "description": "",
            "id": "/subscriptions/f77d1e6a-76f1-4d0e-9a7b-6e01b3fa797d/resourceGroups/rg-containerapp-secrets/providers/Microsoft.KeyVault/vaults/kvacahbh08251966/providers/Microsoft.Authorization/roleAssignments/c0f99660-1301-7fd7-d740-1728cf5e317c",
            "name": "c0f99660-1301-7fd7-d740-1728cf5e317c",
            "principal_id": "f3fd9f5f-f9d1-4a4e-812f-85072aa897e5",
            "principal_type": "User",
            "role_definition_id": "/subscriptions/f77d1e6a-76f1-4d0e-9a7b-6e01b3fa797d/providers/Microsoft.Authorization/roleDefinitions/b86a8fe4-44ce-4948-aee5-eccb2c155cd7",
            "role_definition_name": "Key Vault Secrets Officer",
            "scope": "/subscriptions/f77d1e6a-76f1-4d0e-9a7b-6e01b3fa797d/resourceGroups/rg-containerapp-secrets/providers/Microsoft.KeyVault/vaults/kvacahbh08251966",
            "skip_service_principal_aad_check": null,
            "timeouts": null
          },
          "sensitive_attributes": [],
          "private": "eyJlMmJmYjczMC1lY2FhLTExZTYtOGY4OC0zNDM2M2JjN2M0YzAiOnsiY3JlYXRlIjoxODAwMDAwMDAwMDAwLCJkZWxldGUiOjE4MDAwMDAwMDAwMDAsInJlYWQiOjMwMDAwMDAwMDAwMH19",
          "dependencies": [
            "azurerm_key_vault.keyvault",
            "azurerm_resource_group.rg",
            "data.azurerm_client_config.current"
          ]
        }
      ]
    },
    {
      "mode": "managed",
      "type": "azurerm_user_assigned_identity",
      "name": "identity_aca",
      "provider": "provider[\"registry.terraform.io/hashicorp/azurerm\"]",
      "instances": [
        {
          "schema_version": 1,
          "attributes": {
            "client_id": "55e51cf1-8d62-4cfc-b3c1-bd45e2536d62",
            "id": "/subscriptions/f77d1e6a-76f1-4d0e-9a7b-6e01b3fa797d/resourceGroups/rg-containerapp-secrets/providers/Microsoft.ManagedIdentity/userAssignedIdentities/identity-aca",
            "location": "westeurope",
            "name": "identity-aca",
            "principal_id": "b6cd56dd-956e-4c68-b2d0-46d537fc2370",
            "resource_group_name": "rg-containerapp-secrets",
            "tags": null,
            "tenant_id": "a7c783d1-afff-48c2-a7e9-28e14ed0046c",
            "timeouts": null
          },
          "sensitive_attributes": [],
          "private": "eyJlMmJmYjczMC1lY2FhLTExZTYtOGY4OC0zNDM2M2JjN2M0YzAiOnsiY3JlYXRlIjoxODAwMDAwMDAwMDAwLCJkZWxldGUiOjE4MDAwMDAwMDAwMDAsInJlYWQiOjMwMDAwMDAwMDAwMCwidXBkYXRlIjoxODAwMDAwMDAwMDAwfSwic2NoZW1hX3ZlcnNpb24iOiIxIn0=",
          "dependencies": [
            "azurerm_resource_group.rg"
          ]
        }
      ]
    },
    {
      "mode": "managed",
      "type": "terraform_data",
      "name": "add_secrets",
      "provider": "provider[\"terraform.io/builtin/terraform\"]",
      "instances": [
        {
          "index_key": 0,
          "schema_version": 0,
          "attributes": {
            "id": "5c40ce4a-3342-ab13-d75b-72c3113bfe8b",
            "input": null,
            "output": null,
            "triggers_replace": {
              "value": [],
              "type": [
                "tuple",
                []
              ]
            }
          },
          "sensitive_attributes": [],
          "dependencies": [
            "azurerm_container_app.aca_app",
            "azurerm_container_app_environment.aca_environment",
            "azurerm_key_vault.keyvault",
            "azurerm_key_vault_secret.secret_02",
            "azurerm_resource_group.rg",
            "azurerm_role_assignment.role_keyvault_me",
            "azurerm_user_assigned_identity.identity_aca",
            "data.azurerm_client_config.current"
          ]
        }
      ]
    }
  ],
  "check_results": null
}
